
Microsoft Visual Studio Solution File, Format Version 12.00
# Visual Studio Version 16
VisualStudioVersion = 16.0.33529.622
MinimumVisualStudioVersion = 10.0.40219.1
Project("{FAE04EC0-301F-11D3-BF4B-00C04F79EFBC}") = "MyProject", "MyProject\MyProject.csproj", "{B6598115-AD85-46DA-9055-AD7AEE1DAB61}"
EndProject
Global
	GlobalSection(SolutionConfigurationPlatforms) = preSolution
		Debug|Any CPU = Debug|Any CPU
		Release|Any CPU = Release|Any CPU
	EndGlobalSection
	GlobalSection(ProjectConfigurationPlatforms) = postSolution
		{B6598115-AD85-46DA-9055-AD7AEE1DAB61}.Debug|Any CPU.ActiveCfg = Debug|Any CPU
		{B6598115-AD85-46DA-9055-AD7AEE1DAB61}.Debug|Any CPU.Build.0 = Debug|Any CPU
		{B6598115-AD85-46DA-9055-AD7AEE1DAB61}.Release|Any CPU.ActiveCfg = Release|Any CPU
		{B6598115-AD85-46DA-9055-AD7AEE1DAB61}.Release|Any CPU.Build.0 = Release|Any CPU
	EndGlobalSection
	GlobalSection(SolutionProperties) = preSolution
		HideSolutionNode = FALSE
	EndGlobalSection
	GlobalSection(ExtensibilityGlobals) = postSolution
		SolutionGuid = {5EB7C37F-F865-459B-9302-E33C55176CB4}
	EndGlobalSection
EndGlobal
